// !$*UTF8*$!
{
	archiveVersion = 1;
	classes = {
	};
	objectVersion = 56;
	objects = {

/* Begin PBXBuildFile section */
		AF08FB392B829B340046FCF1 /* placement.cpp in Sources */ = {isa = PBXBuildFile; fileRef = AF08FB382B829B340046FCF1 /* placement.cpp */; };
		AF5C8B0A2B8A8405000588E7 /* json_loader.cpp in Sources */ = {isa = PBXBuildFile; fileRef = AF5C8B092B8A8405000588E7 /* json_loader.cpp */; };
		AF5C8B0D2B8A9077000588E7 /* json_handler.cpp in Sources */ = {isa = PBXBuildFile; fileRef = AF5C8B0B2B8A9077000588E7 /* json_handler.cpp */; };
		AF774AC12B7B65E800D38258 /* main.cpp in Sources */ = {isa = PBXBuildFile; fileRef = AF774AC02B7B65E800D38258 /* main.cpp */; };
		AFEBC1BC2B966394005A8769 /* delete_cells.cpp in Sources */ = {isa = PBXBuildFile; fileRef = AFEBC1BB2B966394005A8769 /* delete_cells.cpp */; };
		EC1FD31C2BA63616008BDCCC /* minor_funcs.cpp in Sources */ = {isa = PBXBuildFile; fileRef = EC1FD31B2BA63616008BDCCC /* minor_funcs.cpp */; };
		EC5F12A92BA8A85E00BB5AF7 /* match.cpp in Sources */ = {isa = PBXBuildFile; fileRef = EC5F12A82BA8A85E00BB5AF7 /* match.cpp */; };
/* End PBXBuildFile section */

/* Begin PBXCopyFilesBuildPhase section */
		AF774ABB2B7B65E800D38258 /* CopyFiles */ = {
			isa = PBXCopyFilesBuildPhase;
			buildActionMask = 2147483647;
			dstPath = /usr/share/man/man1/;
			dstSubfolderSpec = 0;
			files = (
			);
			runOnlyForDeploymentPostprocessing = 1;
		};
/* End PBXCopyFilesBuildPhase section */

/* Begin PBXFileReference section */
		AF08FB382B829B340046FCF1 /* placement.cpp */ = {isa = PBXFileReference; lastKnownFileType = sourcecode.cpp.cpp; path = placement.cpp; sourceTree = "<group>"; };
		AF0FFDD12B7F9D81007815B1 /* functions.hpp */ = {isa = PBXFileReference; lastKnownFileType = sourcecode.cpp.h; path = functions.hpp; sourceTree = "<group>"; };
		AF5C8B092B8A8405000588E7 /* json_loader.cpp */ = {isa = PBXFileReference; lastKnownFileType = sourcecode.cpp.cpp; path = json_loader.cpp; sourceTree = "<group>"; };
		AF5C8B0B2B8A9077000588E7 /* json_handler.cpp */ = {isa = PBXFileReference; lastKnownFileType = sourcecode.cpp.cpp; path = json_handler.cpp; sourceTree = "<group>"; };
		AF774ABD2B7B65E800D38258 /* LR4_OAP */ = {isa = PBXFileReference; explicitFileType = "compiled.mach-o.executable"; includeInIndex = 0; path = LR4_OAP; sourceTree = BUILT_PRODUCTS_DIR; };
		AF774AC02B7B65E800D38258 /* main.cpp */ = {isa = PBXFileReference; lastKnownFileType = sourcecode.cpp.cpp; path = main.cpp; sourceTree = "<group>"; };
		AFA8A6982B83EA7A00A19CC7 /* json.hpp */ = {isa = PBXFileReference; fileEncoding = 4; lastKnownFileType = sourcecode.cpp.h; path = json.hpp; sourceTree = "<group>"; };
		AFA8A6992B83EAC400A19CC7 /* README.md */ = {isa = PBXFileReference; fileEncoding = 4; lastKnownFileType = net.daringfireball.markdown; path = README.md; sourceTree = "<group>"; };
		AFA8A69A2B83EB8800A19CC7 /* .gitignore */ = {isa = PBXFileReference; fileEncoding = 4; lastKnownFileType = text; path = .gitignore; sourceTree = "<group>"; };
		AFA8A69B2B83EE0E00A19CC7 /* data.json */ = {isa = PBXFileReference; fileEncoding = 4; lastKnownFileType = text.json; path = data.json; sourceTree = "<group>"; };
		AFEBC1BB2B966394005A8769 /* delete_cells.cpp */ = {isa = PBXFileReference; lastKnownFileType = sourcecode.cpp.cpp; path = delete_cells.cpp; sourceTree = "<group>"; };
		EC1FD31B2BA63616008BDCCC /* minor_funcs.cpp */ = {isa = PBXFileReference; lastKnownFileType = sourcecode.cpp.cpp; path = minor_funcs.cpp; sourceTree = "<group>"; };
		EC5F12A82BA8A85E00BB5AF7 /* match.cpp */ = {isa = PBXFileReference; lastKnownFileType = sourcecode.cpp.cpp; path = match.cpp; sourceTree = "<group>"; };
/* End PBXFileReference section */

/* Begin PBXFrameworksBuildPhase section */
		AF774ABA2B7B65E800D38258 /* Frameworks */ = {
			isa = PBXFrameworksBuildPhase;
			buildActionMask = 2147483647;
			files = (
			);
			runOnlyForDeploymentPostprocessing = 0;
		};
/* End PBXFrameworksBuildPhase section */

/* Begin PBXGroup section */
		AF0FFDCF2B7F9CF3007815B1 /* utils */ = {
			isa = PBXGroup;
			children = (
				AFA8A6972B83EA3600A19CC7 /* include */,
				AF5C8B0E2B8A95AD000588E7 /* json */,
				AF0FFDD12B7F9D81007815B1 /* functions.hpp */,
				AF08FB382B829B340046FCF1 /* placement.cpp */,
				AFEBC1BB2B966394005A8769 /* delete_cells.cpp */,
				EC1FD31B2BA63616008BDCCC /* minor_funcs.cpp */,
				EC5F12A82BA8A85E00BB5AF7 /* match.cpp */,
			);
			path = utils;
			sourceTree = "<group>";
		};
		AF5C8B0E2B8A95AD000588E7 /* json */ = {
			isa = PBXGroup;
			children = (
				AFA8A69B2B83EE0E00A19CC7 /* data.json */,
				AF5C8B092B8A8405000588E7 /* json_loader.cpp */,
				AF5C8B0B2B8A9077000588E7 /* json_handler.cpp */,
			);
			path = json;
			sourceTree = "<group>";
		};
		AF774AB42B7B65E800D38258 = {
			isa = PBXGroup;
			children = (
				AFA8A69A2B83EB8800A19CC7 /* .gitignore */,
				AFA8A6992B83EAC400A19CC7 /* README.md */,
				AF774ABF2B7B65E800D38258 /* LR4_OAP */,
				AF774ABE2B7B65E800D38258 /* Products */,
			);
			sourceTree = "<group>";
			usesTabs = 0;
		};
		AF774ABE2B7B65E800D38258 /* Products */ = {
			isa = PBXGroup;
			children = (
				AF774ABD2B7B65E800D38258 /* LR4_OAP */,
			);
			name = Products;
			sourceTree = "<group>";
		};
		AF774ABF2B7B65E800D38258 /* LR4_OAP */ = {
			isa = PBXGroup;
			children = (
				AF0FFDCF2B7F9CF3007815B1 /* utils */,
				AF774AC02B7B65E800D38258 /* main.cpp */,
			);
			path = LR4_OAP;
			sourceTree = "<group>";
		};
		AFA8A6972B83EA3600A19CC7 /* include */ = {
			isa = PBXGroup;
			children = (
				AFA8A6982B83EA7A00A19CC7 /* json.hpp */,
			);
			path = include;
			sourceTree = "<group>";
		};
/* End PBXGroup section */

/* Begin PBXNativeTarget section */
		AF774ABC2B7B65E800D38258 /* LR4_OAP */ = {
			isa = PBXNativeTarget;
			buildConfigurationList = AF774AC42B7B65E800D38258 /* Build configuration list for PBXNativeTarget "LR4_OAP" */;
			buildPhases = (
				AF774AB92B7B65E800D38258 /* Sources */,
				AF774ABA2B7B65E800D38258 /* Frameworks */,
				AF774ABB2B7B65E800D38258 /* CopyFiles */,
			);
			buildRules = (
			);
			dependencies = (
			);
			name = LR4_OAP;
			productName = LR4_OAP;
			productReference = AF774ABD2B7B65E800D38258 /* LR4_OAP */;
			productType = "com.apple.product-type.tool";
		};
/* End PBXNativeTarget section */

/* Begin PBXProject section */
		AF774AB52B7B65E800D38258 /* Project object */ = {
			isa = PBXProject;
			attributes = {
				BuildIndependentTargetsInParallel = 1;
				LastUpgradeCheck = 1520;
				TargetAttributes = {
					AF774ABC2B7B65E800D38258 = {
						CreatedOnToolsVersion = 15.2;
					};
				};
			};
			buildConfigurationList = AF774AB82B7B65E800D38258 /* Build configuration list for PBXProject "LR4_OAP" */;
			compatibilityVersion = "Xcode 14.0";
			developmentRegion = en;
			hasScannedForEncodings = 0;
			knownRegions = (
				en,
				Base,
			);
			mainGroup = AF774AB42B7B65E800D38258;
			productRefGroup = AF774ABE2B7B65E800D38258 /* Products */;
			projectDirPath = "";
			projectRoot = "";
			targets = (
				AF774ABC2B7B65E800D38258 /* LR4_OAP */,
			);
		};
/* End PBXProject section */

/* Begin PBXSourcesBuildPhase section */
		AF774AB92B7B65E800D38258 /* Sources */ = {
			isa = PBXSourcesBuildPhase;
			buildActionMask = 2147483647;
			files = (
				EC5F12A92BA8A85E00BB5AF7 /* match.cpp in Sources */,
				AF5C8B0A2B8A8405000588E7 /* json_loader.cpp in Sources */,
				AF5C8B0D2B8A9077000588E7 /* json_handler.cpp in Sources */,
				AF774AC12B7B65E800D38258 /* main.cpp in Sources */,
				EC1FD31C2BA63616008BDCCC /* minor_funcs.cpp in Sources */,
				AFEBC1BC2B966394005A8769 /* delete_cells.cpp in Sources */,
				AF08FB392B829B340046FCF1 /* placement.cpp in Sources */,
			);
			runOnlyForDeploymentPostprocessing = 0;
		};
/* End PBXSourcesBuildPhase section */

/* Begin XCBuildConfiguration section */
		AF774AC22B7B65E800D38258 /* Debug */ = {
			isa = XCBuildConfiguration;
			buildSettings = {
				ALWAYS_SEARCH_USER_PATHS = NO;
				ASSETCATALOG_COMPILER_GENERATE_SWIFT_ASSET_SYMBOL_EXTENSIONS = YES;
				CLANG_ANALYZER_NONNULL = YES;
				CLANG_ANALYZER_NUMBER_OBJECT_CONVERSION = YES_AGGRESSIVE;
				CLANG_CXX_LANGUAGE_STANDARD = "gnu++20";
				CLANG_ENABLE_MODULES = YES;
				CLANG_ENABLE_OBJC_ARC = YES;
				CLANG_ENABLE_OBJC_WEAK = YES;
				CLANG_WARN_BLOCK_CAPTURE_AUTORELEASING = YES;
				CLANG_WARN_BOOL_CONVERSION = YES;
				CLANG_WARN_COMMA = YES;
				CLANG_WARN_CONSTANT_CONVERSION = YES;
				CLANG_WARN_DEPRECATED_OBJC_IMPLEMENTATIONS = YES;
				CLANG_WARN_DIRECT_OBJC_ISA_USAGE = YES_ERROR;
				CLANG_WARN_DOCUMENTATION_COMMENTS = YES;
				CLANG_WARN_EMPTY_BODY = YES;
				CLANG_WARN_ENUM_CONVERSION = YES;
				CLANG_WARN_INFINITE_RECURSION = YES;
				CLANG_WARN_INT_CONVERSION = YES;
				CLANG_WARN_NON_LITERAL_NULL_CONVERSION = YES;
				CLANG_WARN_OBJC_IMPLICIT_RETAIN_SELF = YES;
				CLANG_WARN_OBJC_LITERAL_CONVERSION = YES;
				CLANG_WARN_OBJC_ROOT_CLASS = YES_ERROR;
				CLANG_WARN_QUOTED_INCLUDE_IN_FRAMEWORK_HEADER = YES;
				CLANG_WARN_RANGE_LOOP_ANALYSIS = YES;
				CLANG_WARN_STRICT_PROTOTYPES = YES;
				CLANG_WARN_SUSPICIOUS_MOVE = YES;
				CLANG_WARN_UNGUARDED_AVAILABILITY = YES_AGGRESSIVE;
				CLANG_WARN_UNREACHABLE_CODE = YES;
				CLANG_WARN__DUPLICATE_METHOD_MATCH = YES;
				COPY_PHASE_STRIP = NO;
				DEBUG_INFORMATION_FORMAT = dwarf;
				ENABLE_STRICT_OBJC_MSGSEND = YES;
				ENABLE_TESTABILITY = YES;
				ENABLE_USER_SCRIPT_SANDBOXING = YES;
				GCC_C_LANGUAGE_STANDARD = gnu17;
				GCC_DYNAMIC_NO_PIC = NO;
				GCC_NO_COMMON_BLOCKS = YES;
				GCC_OPTIMIZATION_LEVEL = 0;
				GCC_PREPROCESSOR_DEFINITIONS = (
					"DEBUG=1",
					"$(inherited)",
				);
				GCC_WARN_64_TO_32_BIT_CONVERSION = YES;
				GCC_WARN_ABOUT_RETURN_TYPE = YES_ERROR;
				GCC_WARN_UNDECLARED_SELECTOR = YES;
				GCC_WARN_UNINITIALIZED_AUTOS = YES_AGGRESSIVE;
				GCC_WARN_UNUSED_FUNCTION = YES;
				GCC_WARN_UNUSED_VARIABLE = YES;
				LOCALIZATION_PREFERS_STRING_CATALOGS = YES;
				MACOSX_DEPLOYMENT_TARGET = 14.1;
				MTL_ENABLE_DEBUG_INFO = INCLUDE_SOURCE;
				MTL_FAST_MATH = YES;
				ONLY_ACTIVE_ARCH = YES;
				SDKROOT = macosx;
			};
			name = Debug;
		};
		AF774AC32B7B65E800D38258 /* Release */ = {
			isa = XCBuildConfiguration;
			buildSettings = {
				ALWAYS_SEARCH_USER_PATHS = NO;
				ASSETCATALOG_COMPILER_GENERATE_SWIFT_ASSET_SYMBOL_EXTENSIONS = YES;
				CLANG_ANALYZER_NONNULL = YES;
				CLANG_ANALYZER_NUMBER_OBJECT_CONVERSION = YES_AGGRESSIVE;
				CLANG_CXX_LANGUAGE_STANDARD = "gnu++20";
				CLANG_ENABLE_MODULES = YES;
				CLANG_ENABLE_OBJC_ARC = YES;
				CLANG_ENABLE_OBJC_WEAK = YES;
				CLANG_WARN_BLOCK_CAPTURE_AUTORELEASING = YES;
				CLANG_WARN_BOOL_CONVERSION = YES;
				CLANG_WARN_COMMA = YES;
				CLANG_WARN_CONSTANT_CONVERSION = YES;
				CLANG_WARN_DEPRECATED_OBJC_IMPLEMENTATIONS = YES;
				CLANG_WARN_DIRECT_OBJC_ISA_USAGE = YES_ERROR;
				CLANG_WARN_DOCUMENTATION_COMMENTS = YES;
				CLANG_WARN_EMPTY_BODY = YES;
				CLANG_WARN_ENUM_CONVERSION = YES;
				CLANG_WARN_INFINITE_RECURSION = YES;
				CLANG_WARN_INT_CONVERSION = YES;
				CLANG_WARN_NON_LITERAL_NULL_CONVERSION = YES;
				CLANG_WARN_OBJC_IMPLICIT_RETAIN_SELF = YES;
				CLANG_WARN_OBJC_LITERAL_CONVERSION = YES;
				CLANG_WARN_OBJC_ROOT_CLASS = YES_ERROR;
				CLANG_WARN_QUOTED_INCLUDE_IN_FRAMEWORK_HEADER = YES;
				CLANG_WARN_RANGE_LOOP_ANALYSIS = YES;
				CLANG_WARN_STRICT_PROTOTYPES = YES;
				CLANG_WARN_SUSPICIOUS_MOVE = YES;
				CLANG_WARN_UNGUARDED_AVAILABILITY = YES_AGGRESSIVE;
				CLANG_WARN_UNREACHABLE_CODE = YES;
				CLANG_WARN__DUPLICATE_METHOD_MATCH = YES;
				COPY_PHASE_STRIP = NO;
				DEBUG_INFORMATION_FORMAT = "dwarf-with-dsym";
				ENABLE_NS_ASSERTIONS = NO;
				ENABLE_STRICT_OBJC_MSGSEND = YES;
				ENABLE_USER_SCRIPT_SANDBOXING = YES;
				GCC_C_LANGUAGE_STANDARD = gnu17;
				GCC_NO_COMMON_BLOCKS = YES;
				GCC_WARN_64_TO_32_BIT_CONVERSION = YES;
				GCC_WARN_ABOUT_RETURN_TYPE = YES_ERROR;
				GCC_WARN_UNDECLARED_SELECTOR = YES;
				GCC_WARN_UNINITIALIZED_AUTOS = YES_AGGRESSIVE;
				GCC_WARN_UNUSED_FUNCTION = YES;
				GCC_WARN_UNUSED_VARIABLE = YES;
				LOCALIZATION_PREFERS_STRING_CATALOGS = YES;
				MACOSX_DEPLOYMENT_TARGET = 14.1;
				MTL_ENABLE_DEBUG_INFO = NO;
				MTL_FAST_MATH = YES;
				SDKROOT = macosx;
			};
			name = Release;
		};
		AF774AC52B7B65E800D38258 /* Debug */ = {
			isa = XCBuildConfiguration;
			buildSettings = {
				CODE_SIGN_STYLE = Automatic;
				PRODUCT_NAME = "$(TARGET_NAME)";
			};
			name = Debug;
		};
		AF774AC62B7B65E800D38258 /* Release */ = {
			isa = XCBuildConfiguration;
			buildSettings = {
				CODE_SIGN_STYLE = Automatic;
				PRODUCT_NAME = "$(TARGET_NAME)";
			};
			name = Release;
		};
/* End XCBuildConfiguration section */

/* Begin XCConfigurationList section */
		AF774AB82B7B65E800D38258 /* Build configuration list for PBXProject "LR4_OAP" */ = {
			isa = XCConfigurationList;
			buildConfigurations = (
				AF774AC22B7B65E800D38258 /* Debug */,
				AF774AC32B7B65E800D38258 /* Release */,
			);
			defaultConfigurationIsVisible = 0;
			defaultConfigurationName = Release;
		};
		AF774AC42B7B65E800D38258 /* Build configuration list for PBXNativeTarget "LR4_OAP" */ = {
			isa = XCConfigurationList;
			buildConfigurations = (
				AF774AC52B7B65E800D38258 /* Debug */,
				AF774AC62B7B65E800D38258 /* Release */,
			);
			defaultConfigurationIsVisible = 0;
			defaultConfigurationName = Release;
		};
/* End XCConfigurationList section */
	};
	rootObject = AF774AB52B7B65E800D38258 /* Project object */;
}
